
Microsoft Visual Studio Solution File, Format Version 12.00
# Visual Studio 15
VisualStudioVersion = 15.0.28307.645
MinimumVisualStudioVersion = 10.0.40219.1
Project("{FAE04EC0-301F-11D3-BF4B-00C04F79EFBC}") = "MovieLibrary", "MovieLibrary\MovieLibrary.csproj", "{90B4C2DD-A2DB-4DD9-8870-0AA64E1F79A3}"
EndProject
Global
	GlobalSection(SolutionConfigurationPlatforms) = preSolution
		Debug|Any CPU = Debug|Any CPU
		Release|Any CPU = Release|Any CPU
	EndGlobalSection
	GlobalSection(ProjectConfigurationPlatforms) = postSolution
		{90B4C2DD-A2DB-4DD9-8870-0AA64E1F79A3}.Debug|Any CPU.ActiveCfg = Debug|Any CPU
		{90B4C2DD-A2DB-4DD9-8870-0AA64E1F79A3}.Debug|Any CPU.Build.0 = Debug|Any CPU
		{90B4C2DD-A2DB-4DD9-8870-0AA64E1F79A3}.Release|Any CPU.ActiveCfg = Release|Any CPU
		{90B4C2DD-A2DB-4DD9-8870-0AA64E1F79A3}.Release|Any CPU.Build.0 = Release|Any CPU
	EndGlobalSection
	GlobalSection(SolutionProperties) = preSolution
		HideSolutionNode = FALSE
	EndGlobalSection
	GlobalSection(ExtensibilityGlobals) = postSolution
		SolutionGuid = {40AC030B-8A37-445E-82F3-4ED2C1C27BD8}
	EndGlobalSection
EndGlobal
